
Microsoft Visual Studio Solution File, Format Version 12.00
# Visual Studio 15
VisualStudioVersion = 15.0.26730.16
MinimumVisualStudioVersion = 10.0.40219.1
Project("{FAE04EC0-301F-11D3-BF4B-00C04F79EFBC}") = "Web", "Web\Web.csproj", "{95BB501B-F358-404D-85E4-C3044A056B49}"
EndProject
Project("{FAE04EC0-301F-11D3-BF4B-00C04F79EFBC}") = "DataLogic", "DataLogic\DataLogic.csproj", "{97F27604-36BF-4992-B306-1D7B9EEC872E}"
EndProject
Global
	GlobalSection(SolutionConfigurationPlatforms) = preSolution
		Debug|Any CPU = Debug|Any CPU
		Release|Any CPU = Release|Any CPU
	EndGlobalSection
	GlobalSection(ProjectConfigurationPlatforms) = postSolution
		{95BB501B-F358-404D-85E4-C3044A056B49}.Debug|Any CPU.ActiveCfg = Debug|Any CPU
		{95BB501B-F358-404D-85E4-C3044A056B49}.Debug|Any CPU.Build.0 = Debug|Any CPU
		{95BB501B-F358-404D-85E4-C3044A056B49}.Release|Any CPU.ActiveCfg = Release|Any CPU
		{95BB501B-F358-404D-85E4-C3044A056B49}.Release|Any CPU.Build.0 = Release|Any CPU
		{97F27604-36BF-4992-B306-1D7B9EEC872E}.Debug|Any CPU.ActiveCfg = Debug|Any CPU
		{97F27604-36BF-4992-B306-1D7B9EEC872E}.Debug|Any CPU.Build.0 = Debug|Any CPU
		{97F27604-36BF-4992-B306-1D7B9EEC872E}.Release|Any CPU.ActiveCfg = Release|Any CPU
		{97F27604-36BF-4992-B306-1D7B9EEC872E}.Release|Any CPU.Build.0 = Release|Any CPU
	EndGlobalSection
	GlobalSection(SolutionProperties) = preSolution
		HideSolutionNode = FALSE
	EndGlobalSection
	GlobalSection(ExtensibilityGlobals) = postSolution
		SolutionGuid = {4F41433E-9562-4ECA-81AD-B4012CB41FF8}
	EndGlobalSection
EndGlobal
